
Microsoft Visual Studio Solution File, Format Version 12.00
# Visual Studio 15
VisualStudioVersion = 15.0.27428.2015
MinimumVisualStudioVersion = 10.0.40219.1
Project("{FAE04EC0-301F-11D3-BF4B-00C04F79EFBC}") = "DebtDiary", "DebtDiary\DebtDiary.csproj", "{DB9326FF-D1D1-4FBE-8161-549D8F43B887}"
EndProject
Project("{FAE04EC0-301F-11D3-BF4B-00C04F79EFBC}") = "DebtDiary.Core", "DebtDiary.Core\DebtDiary.Core.csproj", "{40F992DE-22DA-4C15-AC76-8A4E2F435AFC}"
EndProject
Project("{FAE04EC0-301F-11D3-BF4B-00C04F79EFBC}") = "DebtDiary.DataProvider", "DebtDiary.DataProvider\DebtDiary.DataProvider.csproj", "{5664F8B8-3866-4C42-8C21-B1A641028128}"
EndProject
Project("{FAE04EC0-301F-11D3-BF4B-00C04F79EFBC}") = "DebtDiary.Core.Tests", "DebtDiary.Core.Tests\DebtDiary.Core.Tests.csproj", "{FB30ABBC-6ADE-4CE4-A152-4301704038CA}"
EndProject
Project("{FAE04EC0-301F-11D3-BF4B-00C04F79EFBC}") = "DebtDiary.Tests", "DebtDiary.Tests\DebtDiary.Tests.csproj", "{AD60D144-FB80-4341-B161-9FDB4F53DDBD}"
EndProject
Global
	GlobalSection(SolutionConfigurationPlatforms) = preSolution
		Debug|Any CPU = Debug|Any CPU
		Release|Any CPU = Release|Any CPU
	EndGlobalSection
	GlobalSection(ProjectConfigurationPlatforms) = postSolution
		{DB9326FF-D1D1-4FBE-8161-549D8F43B887}.Debug|Any CPU.ActiveCfg = Debug|Any CPU
		{DB9326FF-D1D1-4FBE-8161-549D8F43B887}.Debug|Any CPU.Build.0 = Debug|Any CPU
		{DB9326FF-D1D1-4FBE-8161-549D8F43B887}.Release|Any CPU.ActiveCfg = Release|Any CPU
		{DB9326FF-D1D1-4FBE-8161-549D8F43B887}.Release|Any CPU.Build.0 = Release|Any CPU
		{40F992DE-22DA-4C15-AC76-8A4E2F435AFC}.Debug|Any CPU.ActiveCfg = Debug|Any CPU
		{40F992DE-22DA-4C15-AC76-8A4E2F435AFC}.Debug|Any CPU.Build.0 = Debug|Any CPU
		{40F992DE-22DA-4C15-AC76-8A4E2F435AFC}.Release|Any CPU.ActiveCfg = Release|Any CPU
		{40F992DE-22DA-4C15-AC76-8A4E2F435AFC}.Release|Any CPU.Build.0 = Release|Any CPU
		{5664F8B8-3866-4C42-8C21-B1A641028128}.Debug|Any CPU.ActiveCfg = Debug|Any CPU
		{5664F8B8-3866-4C42-8C21-B1A641028128}.Debug|Any CPU.Build.0 = Debug|Any CPU
		{5664F8B8-3866-4C42-8C21-B1A641028128}.Release|Any CPU.ActiveCfg = Release|Any CPU
		{5664F8B8-3866-4C42-8C21-B1A641028128}.Release|Any CPU.Build.0 = Release|Any CPU
		{FB30ABBC-6ADE-4CE4-A152-4301704038CA}.Debug|Any CPU.ActiveCfg = Debug|Any CPU
		{FB30ABBC-6ADE-4CE4-A152-4301704038CA}.Debug|Any CPU.Build.0 = Debug|Any CPU
		{FB30ABBC-6ADE-4CE4-A152-4301704038CA}.Release|Any CPU.ActiveCfg = Release|Any CPU
		{FB30ABBC-6ADE-4CE4-A152-4301704038CA}.Release|Any CPU.Build.0 = Release|Any CPU
		{AD60D144-FB80-4341-B161-9FDB4F53DDBD}.Debug|Any CPU.ActiveCfg = Debug|Any CPU
		{AD60D144-FB80-4341-B161-9FDB4F53DDBD}.Debug|Any CPU.Build.0 = Debug|Any CPU
		{AD60D144-FB80-4341-B161-9FDB4F53DDBD}.Release|Any CPU.ActiveCfg = Release|Any CPU
		{AD60D144-FB80-4341-B161-9FDB4F53DDBD}.Release|Any CPU.Build.0 = Release|Any CPU
	EndGlobalSection
	GlobalSection(SolutionProperties) = preSolution
		HideSolutionNode = FALSE
	EndGlobalSection
	GlobalSection(ExtensibilityGlobals) = postSolution
		SolutionGuid = {B700D8C7-E2F1-4697-96A1-BB1380949821}
	EndGlobalSection
EndGlobal
